// !$*UTF8*$!
{
	archiveVersion = 1;
	classes = {
	};
	objectVersion = 48;
	objects = {

/* Begin PBXBuildFile section */
		13276B662064388D0092131C /* LayoutFirstViewController.swift in Sources */ = {isa = PBXBuildFile; fileRef = 13276B652064388D0092131C /* LayoutFirstViewController.swift */; };
		1330A28420750DF8009EBE0C /* ios_license.dms in Resources */ = {isa = PBXBuildFile; fileRef = 1330A28320750DF7009EBE0C /* ios_license.dms */; };
		1377D3F12067F39E0079A7FF /* AudioToolbox.framework in Frameworks */ = {isa = PBXBuildFile; fileRef = 1377D3F02067F39E0079A7FF /* AudioToolbox.framework */; };
		137BBA02206692DE0085F770 /* TypeOfLayouts.swift in Sources */ = {isa = PBXBuildFile; fileRef = 137BBA01206692DE0085F770 /* TypeOfLayouts.swift */; };
		137BBA0A2066D02D0085F770 /* AllTypeListLayoutsViewController.swift in Sources */ = {isa = PBXBuildFile; fileRef = 137BBA092066D02D0085F770 /* AllTypeListLayoutsViewController.swift */; };
		137BBA0C2066D58E0085F770 /* CellCollectionViewCell.swift in Sources */ = {isa = PBXBuildFile; fileRef = 137BBA0B2066D58E0085F770 /* CellCollectionViewCell.swift */; };
		13837A9120738D090075C0B3 /* DatabaseService.swift in Sources */ = {isa = PBXBuildFile; fileRef = 13837A9020738D090075C0B3 /* DatabaseService.swift */; };
		13837A942073FDB20075C0B3 /* CollectionViewCell.swift in Sources */ = {isa = PBXBuildFile; fileRef = 13837A932073FDB20075C0B3 /* CollectionViewCell.swift */; };
		1392054A206A98D60055F2EB /* Podfile in Resources */ = {isa = PBXBuildFile; fileRef = 13920549206A98D60055F2EB /* Podfile */; };
		1392DB87206B823500E93D19 /* Page.swift in Sources */ = {isa = PBXBuildFile; fileRef = 1392DB86206B823500E93D19 /* Page.swift */; };
		1392DB89206B8AAC00E93D19 /* Pages.swift in Sources */ = {isa = PBXBuildFile; fileRef = 1392DB88206B8AAC00E93D19 /* Pages.swift */; };
		1392DB8D206E740200E93D19 /* Image.swift in Sources */ = {isa = PBXBuildFile; fileRef = 1392DB8C206E740200E93D19 /* Image.swift */; };
		13B283882063F67B007BFC10 /* AppDelegate.swift in Sources */ = {isa = PBXBuildFile; fileRef = 13B283872063F67B007BFC10 /* AppDelegate.swift */; };
		13B2838A2063F67B007BFC10 /* ViewController.swift in Sources */ = {isa = PBXBuildFile; fileRef = 13B283892063F67B007BFC10 /* ViewController.swift */; };
		13B2838D2063F67B007BFC10 /* Main.storyboard in Resources */ = {isa = PBXBuildFile; fileRef = 13B2838B2063F67B007BFC10 /* Main.storyboard */; };
		13B283902063F67B007BFC10 /* commicsv1.xcdatamodeld in Sources */ = {isa = PBXBuildFile; fileRef = 13B2838E2063F67B007BFC10 /* commicsv1.xcdatamodeld */; };
		13B283922063F67B007BFC10 /* Assets.xcassets in Resources */ = {isa = PBXBuildFile; fileRef = 13B283912063F67B007BFC10 /* Assets.xcassets */; };
		13B283952063F67B007BFC10 /* LaunchScreen.storyboard in Resources */ = {isa = PBXBuildFile; fileRef = 13B283932063F67B007BFC10 /* LaunchScreen.storyboard */; };
		13B2839D2063F8EA007BFC10 /* PageViewController.swift in Sources */ = {isa = PBXBuildFile; fileRef = 13B2839C2063F8EA007BFC10 /* PageViewController.swift */; };
		13D2FA212074F3CE00296854 /* MainViewController.swift in Sources */ = {isa = PBXBuildFile; fileRef = 13D2FA202074F3CE00296854 /* MainViewController.swift */; };
		13E46A09206524A00096916A /* TestViewController.swift in Sources */ = {isa = PBXBuildFile; fileRef = 13E46A08206524A00096916A /* TestViewController.swift */; };
		795BDF9EF2C6EE4B99734323 /* Pods_commicsv1.framework in Frameworks */ = {isa = PBXBuildFile; fileRef = C9983ADA9AFD73633A33C66D /* Pods_commicsv1.framework */; };
/* End PBXBuildFile section */

/* Begin PBXFileReference section */
		13276B652064388D0092131C /* LayoutFirstViewController.swift */ = {isa = PBXFileReference; lastKnownFileType = sourcecode.swift; path = LayoutFirstViewController.swift; sourceTree = "<group>"; };
		1330A28320750DF7009EBE0C /* ios_license.dms */ = {isa = PBXFileReference; fileEncoding = 4; lastKnownFileType = text; path = ios_license.dms; sourceTree = "<group>"; };
		1377D3F02067F39E0079A7FF /* AudioToolbox.framework */ = {isa = PBXFileReference; lastKnownFileType = wrapper.framework; name = AudioToolbox.framework; path = System/Library/Frameworks/AudioToolbox.framework; sourceTree = SDKROOT; };
		1377D3F22067F39E0079A7FF /* commicsv1.entitlements */ = {isa = PBXFileReference; lastKnownFileType = text.plist.entitlements; path = commicsv1.entitlements; sourceTree = "<group>"; };
		137BBA01206692DE0085F770 /* TypeOfLayouts.swift */ = {isa = PBXFileReference; lastKnownFileType = sourcecode.swift; path = TypeOfLayouts.swift; sourceTree = "<group>"; };
		137BBA092066D02D0085F770 /* AllTypeListLayoutsViewController.swift */ = {isa = PBXFileReference; lastKnownFileType = sourcecode.swift; path = AllTypeListLayoutsViewController.swift; sourceTree = "<group>"; };
		137BBA0B2066D58E0085F770 /* CellCollectionViewCell.swift */ = {isa = PBXFileReference; lastKnownFileType = sourcecode.swift; path = CellCollectionViewCell.swift; sourceTree = "<group>"; };
		13837A9020738D090075C0B3 /* DatabaseService.swift */ = {isa = PBXFileReference; lastKnownFileType = sourcecode.swift; path = DatabaseService.swift; sourceTree = "<group>"; };
		13837A932073FDB20075C0B3 /* CollectionViewCell.swift */ = {isa = PBXFileReference; lastKnownFileType = sourcecode.swift; path = CollectionViewCell.swift; sourceTree = "<group>"; };
		13920549206A98D60055F2EB /* Podfile */ = {isa = PBXFileReference; lastKnownFileType = text; path = Podfile; sourceTree = "<group>"; xcLanguageSpecificationIdentifier = xcode.lang.ruby; };
		1392DB86206B823500E93D19 /* Page.swift */ = {isa = PBXFileReference; lastKnownFileType = sourcecode.swift; path = Page.swift; sourceTree = "<group>"; };
		1392DB88206B8AAC00E93D19 /* Pages.swift */ = {isa = PBXFileReference; lastKnownFileType = sourcecode.swift; path = Pages.swift; sourceTree = "<group>"; };
		1392DB8C206E740200E93D19 /* Image.swift */ = {isa = PBXFileReference; lastKnownFileType = sourcecode.swift; path = Image.swift; sourceTree = "<group>"; };
		13B283842063F67B007BFC10 /* commicsv1.app */ = {isa = PBXFileReference; explicitFileType = wrapper.application; includeInIndex = 0; path = commicsv1.app; sourceTree = BUILT_PRODUCTS_DIR; };
		13B283872063F67B007BFC10 /* AppDelegate.swift */ = {isa = PBXFileReference; lastKnownFileType = sourcecode.swift; path = AppDelegate.swift; sourceTree = "<group>"; };
		13B283892063F67B007BFC10 /* ViewController.swift */ = {isa = PBXFileReference; lastKnownFileType = sourcecode.swift; path = ViewController.swift; sourceTree = "<group>"; };
		13B2838C2063F67B007BFC10 /* Base */ = {isa = PBXFileReference; lastKnownFileType = file.storyboard; name = Base; path = Base.lproj/Main.storyboard; sourceTree = "<group>"; };
		13B2838F2063F67B007BFC10 /* commicsv1.xcdatamodel */ = {isa = PBXFileReference; lastKnownFileType = wrapper.xcdatamodel; path = commicsv1.xcdatamodel; sourceTree = "<group>"; };
		13B283912063F67B007BFC10 /* Assets.xcassets */ = {isa = PBXFileReference; lastKnownFileType = folder.assetcatalog; path = Assets.xcassets; sourceTree = "<group>"; };
		13B283942063F67B007BFC10 /* Base */ = {isa = PBXFileReference; lastKnownFileType = file.storyboard; name = Base; path = Base.lproj/LaunchScreen.storyboard; sourceTree = "<group>"; };
		13B283962063F67B007BFC10 /* Info.plist */ = {isa = PBXFileReference; lastKnownFileType = text.plist.xml; path = Info.plist; sourceTree = "<group>"; };
		13B2839C2063F8EA007BFC10 /* PageViewController.swift */ = {isa = PBXFileReference; lastKnownFileType = sourcecode.swift; path = PageViewController.swift; sourceTree = "<group>"; };
		13D2FA202074F3CE00296854 /* MainViewController.swift */ = {isa = PBXFileReference; lastKnownFileType = sourcecode.swift; path = MainViewController.swift; sourceTree = "<group>"; };
		13E46A08206524A00096916A /* TestViewController.swift */ = {isa = PBXFileReference; lastKnownFileType = sourcecode.swift; path = TestViewController.swift; sourceTree = "<group>"; };
		A2EE80ACFBECC767C1F7421C /* Pods-commicsv1.release.xcconfig */ = {isa = PBXFileReference; includeInIndex = 1; lastKnownFileType = text.xcconfig; name = "Pods-commicsv1.release.xcconfig"; path = "Pods/Target Support Files/Pods-commicsv1/Pods-commicsv1.release.xcconfig"; sourceTree = "<group>"; };
		C553F5F0E918666F527B97BC /* Pods-commicsv1.debug.xcconfig */ = {isa = PBXFileReference; includeInIndex = 1; lastKnownFileType = text.xcconfig; name = "Pods-commicsv1.debug.xcconfig"; path = "Pods/Target Support Files/Pods-commicsv1/Pods-commicsv1.debug.xcconfig"; sourceTree = "<group>"; };
		C9983ADA9AFD73633A33C66D /* Pods_commicsv1.framework */ = {isa = PBXFileReference; explicitFileType = wrapper.framework; includeInIndex = 0; path = Pods_commicsv1.framework; sourceTree = BUILT_PRODUCTS_DIR; };
/* End PBXFileReference section */

/* Begin PBXFrameworksBuildPhase section */
		13B283812063F67B007BFC10 /* Frameworks */ = {
			isa = PBXFrameworksBuildPhase;
			buildActionMask = 2147483647;
			files = (
				1377D3F12067F39E0079A7FF /* AudioToolbox.framework in Frameworks */,
				795BDF9EF2C6EE4B99734323 /* Pods_commicsv1.framework in Frameworks */,
			);
			runOnlyForDeploymentPostprocessing = 0;
		};
/* End PBXFrameworksBuildPhase section */

/* Begin PBXGroup section */
		1377D3EF2067F39E0079A7FF /* Frameworks */ = {
			isa = PBXGroup;
			children = (
				1377D3F02067F39E0079A7FF /* AudioToolbox.framework */,
				C9983ADA9AFD73633A33C66D /* Pods_commicsv1.framework */,
			);
			name = Frameworks;
			sourceTree = "<group>";
		};
		137BBA00206692AD0085F770 /* Models */ = {
			isa = PBXGroup;
			children = (
				137BBA01206692DE0085F770 /* TypeOfLayouts.swift */,
				1392DB86206B823500E93D19 /* Page.swift */,
				1392DB88206B8AAC00E93D19 /* Pages.swift */,
				1392DB8C206E740200E93D19 /* Image.swift */,
				13837A9020738D090075C0B3 /* DatabaseService.swift */,
			);
			path = Models;
			sourceTree = "<group>";
		};
		13837A922073FCC40075C0B3 /* MainPageControllers */ = {
			isa = PBXGroup;
			children = (
				13D2FA202074F3CE00296854 /* MainViewController.swift */,
				13B283892063F67B007BFC10 /* ViewController.swift */,
				13837A932073FDB20075C0B3 /* CollectionViewCell.swift */,
			);
			path = MainPageControllers;
			sourceTree = "<group>";
		};
		13B2837B2063F67A007BFC10 = {
			isa = PBXGroup;
			children = (
				13920549206A98D60055F2EB /* Podfile */,
				13B283862063F67B007BFC10 /* commicsv1 */,
				13B283852063F67B007BFC10 /* Products */,
				1377D3EF2067F39E0079A7FF /* Frameworks */,
				6B1F6DED6BF5209228D53F1F /* Pods */,
			);
			sourceTree = "<group>";
		};
		13B283852063F67B007BFC10 /* Products */ = {
			isa = PBXGroup;
			children = (
				13B283842063F67B007BFC10 /* commicsv1.app */,
			);
			name = Products;
			sourceTree = "<group>";
		};
		13B283862063F67B007BFC10 /* commicsv1 */ = {
			isa = PBXGroup;
			children = (
				1377D3F22067F39E0079A7FF /* commicsv1.entitlements */,
				13837A922073FCC40075C0B3 /* MainPageControllers */,
				137BBA00206692AD0085F770 /* Models */,
				13B283872063F67B007BFC10 /* AppDelegate.swift */,
				1330A28320750DF7009EBE0C /* ios_license.dms */,
				137BBA092066D02D0085F770 /* AllTypeListLayoutsViewController.swift */,
				13B2838B2063F67B007BFC10 /* Main.storyboard */,
				137BBA0B2066D58E0085F770 /* CellCollectionViewCell.swift */,
				13276B652064388D0092131C /* LayoutFirstViewController.swift */,
				13B2839C2063F8EA007BFC10 /* PageViewController.swift */,
				13E46A08206524A00096916A /* TestViewController.swift */,
				13B283912063F67B007BFC10 /* Assets.xcassets */,
				13B283932063F67B007BFC10 /* LaunchScreen.storyboard */,
				13B283962063F67B007BFC10 /* Info.plist */,
				13B2838E2063F67B007BFC10 /* commicsv1.xcdatamodeld */,
			);
			path = commicsv1;
			sourceTree = "<group>";
		};
		6B1F6DED6BF5209228D53F1F /* Pods */ = {
			isa = PBXGroup;
			children = (
				C553F5F0E918666F527B97BC /* Pods-commicsv1.debug.xcconfig */,
				A2EE80ACFBECC767C1F7421C /* Pods-commicsv1.release.xcconfig */,
			);
			name = Pods;
			sourceTree = "<group>";
		};
/* End PBXGroup section */

/* Begin PBXNativeTarget section */
		13B283832063F67B007BFC10 /* commicsv1 */ = {
			isa = PBXNativeTarget;
			buildConfigurationList = 13B283992063F67B007BFC10 /* Build configuration list for PBXNativeTarget "commicsv1" */;
			buildPhases = (
				87E64BDF3E99A4CE27C6D765 /* [CP] Check Pods Manifest.lock */,
				13B283802063F67B007BFC10 /* Sources */,
				13B283812063F67B007BFC10 /* Frameworks */,
				13B283822063F67B007BFC10 /* Resources */,
				64CD8ED7849B4DA9DACD430B /* [CP] Embed Pods Frameworks */,
				A2D48E23805B01778A816D98 /* [CP] Copy Pods Resources */,
			);
			buildRules = (
			);
			dependencies = (
			);
			name = commicsv1;
			productName = commicsv1;
			productReference = 13B283842063F67B007BFC10 /* commicsv1.app */;
			productType = "com.apple.product-type.application";
		};
/* End PBXNativeTarget section */

/* Begin PBXProject section */
		13B2837C2063F67A007BFC10 /* Project object */ = {
			isa = PBXProject;
			attributes = {
				LastSwiftUpdateCheck = 0920;
				LastUpgradeCheck = 0920;
				ORGANIZATIONNAME = "Альберт Чубаков";
				TargetAttributes = {
					13B283832063F67B007BFC10 = {
						CreatedOnToolsVersion = 9.2;
						ProvisioningStyle = Automatic;
						SystemCapabilities = {
							com.apple.InterAppAudio = {
								enabled = 1;
							};
						};
					};
				};
			};
			buildConfigurationList = 13B2837F2063F67A007BFC10 /* Build configuration list for PBXProject "commicsv1" */;
			compatibilityVersion = "Xcode 8.0";
			developmentRegion = en;
			hasScannedForEncodings = 0;
			knownRegions = (
				en,
				Base,
			);
			mainGroup = 13B2837B2063F67A007BFC10;
			productRefGroup = 13B283852063F67B007BFC10 /* Products */;
			projectDirPath = "";
			projectRoot = "";
			targets = (
				13B283832063F67B007BFC10 /* commicsv1 */,
			);
		};
/* End PBXProject section */

/* Begin PBXResourcesBuildPhase section */
		13B283822063F67B007BFC10 /* Resources */ = {
			isa = PBXResourcesBuildPhase;
			buildActionMask = 2147483647;
			files = (
				1330A28420750DF8009EBE0C /* ios_license.dms in Resources */,
				13B283952063F67B007BFC10 /* LaunchScreen.storyboard in Resources */,
				13B283922063F67B007BFC10 /* Assets.xcassets in Resources */,
				1392054A206A98D60055F2EB /* Podfile in Resources */,
				13B2838D2063F67B007BFC10 /* Main.storyboard in Resources */,
			);
			runOnlyForDeploymentPostprocessing = 0;
		};
/* End PBXResourcesBuildPhase section */

/* Begin PBXShellScriptBuildPhase section */
		64CD8ED7849B4DA9DACD430B /* [CP] Embed Pods Frameworks */ = {
			isa = PBXShellScriptBuildPhase;
			buildActionMask = 2147483647;
			files = (
			);
			inputPaths = (
				"${SRCROOT}/Pods/Target Support Files/Pods-commicsv1/Pods-commicsv1-frameworks.sh",
				"${PODS_ROOT}/PhotoEditorSDK/pesdk-ios-build-8.3.0/PhotoEditorSDK.framework",
				"${PODS_ROOT}/PhotoEditorSDK/pesdk-ios-build-8.3.0/PhotoEditorSDK.framework.dSYM",
				"${BUILT_PRODUCTS_DIR}/Realm/Realm.framework",
				"${BUILT_PRODUCTS_DIR}/RealmSwift/RealmSwift.framework",
			);
			name = "[CP] Embed Pods Frameworks";
			outputPaths = (
				"${TARGET_BUILD_DIR}/${FRAMEWORKS_FOLDER_PATH}/PhotoEditorSDK.framework",
				"${DWARF_DSYM_FOLDER_PATH}/PhotoEditorSDK.framework.dSYM",
				"${TARGET_BUILD_DIR}/${FRAMEWORKS_FOLDER_PATH}/Realm.framework",
				"${TARGET_BUILD_DIR}/${FRAMEWORKS_FOLDER_PATH}/RealmSwift.framework",
			);
			runOnlyForDeploymentPostprocessing = 0;
			shellPath = /bin/sh;
			shellScript = "\"${SRCROOT}/Pods/Target Support Files/Pods-commicsv1/Pods-commicsv1-frameworks.sh\"\n";
			showEnvVarsInLog = 0;
		};
		87E64BDF3E99A4CE27C6D765 /* [CP] Check Pods Manifest.lock */ = {
			isa = PBXShellScriptBuildPhase;
			buildActionMask = 2147483647;
			files = (
			);
			inputPaths = (
				"${PODS_PODFILE_DIR_PATH}/Podfile.lock",
				"${PODS_ROOT}/Manifest.lock",
			);
			name = "[CP] Check Pods Manifest.lock";
			outputPaths = (
				"$(DERIVED_FILE_DIR)/Pods-commicsv1-checkManifestLockResult.txt",
			);
			runOnlyForDeploymentPostprocessing = 0;
			shellPath = /bin/sh;
			shellScript = "diff \"${PODS_PODFILE_DIR_PATH}/Podfile.lock\" \"${PODS_ROOT}/Manifest.lock\" > /dev/null\nif [ $? != 0 ] ; then\n    # print error to STDERR\n    echo \"error: The sandbox is not in sync with the Podfile.lock. Run 'pod install' or update your CocoaPods installation.\" >&2\n    exit 1\nfi\n# This output is used by Xcode 'outputs' to avoid re-running this script phase.\necho \"SUCCESS\" > \"${SCRIPT_OUTPUT_FILE_0}\"\n";
			showEnvVarsInLog = 0;
		};
		A2D48E23805B01778A816D98 /* [CP] Copy Pods Resources */ = {
			isa = PBXShellScriptBuildPhase;
			buildActionMask = 2147483647;
			files = (
			);
			inputPaths = (
			);
			name = "[CP] Copy Pods Resources";
			outputPaths = (
			);
			runOnlyForDeploymentPostprocessing = 0;
			shellPath = /bin/sh;
			shellScript = "\"${SRCROOT}/Pods/Target Support Files/Pods-commicsv1/Pods-commicsv1-resources.sh\"\n";
			showEnvVarsInLog = 0;
		};
/* End PBXShellScriptBuildPhase section */

/* Begin PBXSourcesBuildPhase section */
		13B283802063F67B007BFC10 /* Sources */ = {
			isa = PBXSourcesBuildPhase;
			buildActionMask = 2147483647;
			files = (
				1392DB89206B8AAC00E93D19 /* Pages.swift in Sources */,
				1392DB8D206E740200E93D19 /* Image.swift in Sources */,
				137BBA0C2066D58E0085F770 /* CellCollectionViewCell.swift in Sources */,
				137BBA0A2066D02D0085F770 /* AllTypeListLayoutsViewController.swift in Sources */,
				13B2838A2063F67B007BFC10 /* ViewController.swift in Sources */,
				13B283882063F67B007BFC10 /* AppDelegate.swift in Sources */,
				1392DB87206B823500E93D19 /* Page.swift in Sources */,
				13276B662064388D0092131C /* LayoutFirstViewController.swift in Sources */,
				137BBA02206692DE0085F770 /* TypeOfLayouts.swift in Sources */,
				13D2FA212074F3CE00296854 /* MainViewController.swift in Sources */,
				13837A9120738D090075C0B3 /* DatabaseService.swift in Sources */,
				13837A942073FDB20075C0B3 /* CollectionViewCell.swift in Sources */,
				13B283902063F67B007BFC10 /* commicsv1.xcdatamodeld in Sources */,
				13E46A09206524A00096916A /* TestViewController.swift in Sources */,
				13B2839D2063F8EA007BFC10 /* PageViewController.swift in Sources */,
			);
			runOnlyForDeploymentPostprocessing = 0;
		};
/* End PBXSourcesBuildPhase section */

/* Begin PBXVariantGroup section */
		13B2838B2063F67B007BFC10 /* Main.storyboard */ = {
			isa = PBXVariantGroup;
			children = (
				13B2838C2063F67B007BFC10 /* Base */,
			);
			name = Main.storyboard;
			sourceTree = "<group>";
		};
		13B283932063F67B007BFC10 /* LaunchScreen.storyboard */ = {
			isa = PBXVariantGroup;
			children = (
				13B283942063F67B007BFC10 /* Base */,
			);
			name = LaunchScreen.storyboard;
			sourceTree = "<group>";
		};
/* End PBXVariantGroup section */

/* Begin XCBuildConfiguration section */
		13B283972063F67B007BFC10 /* Debug */ = {
			isa = XCBuildConfiguration;
			buildSettings = {
				ALWAYS_SEARCH_USER_PATHS = NO;
				CLANG_ANALYZER_NONNULL = YES;
				CLANG_ANALYZER_NUMBER_OBJECT_CONVERSION = YES_AGGRESSIVE;
				CLANG_CXX_LANGUAGE_STANDARD = "gnu++14";
				CLANG_CXX_LIBRARY = "libc++";
				CLANG_ENABLE_MODULES = YES;
				CLANG_ENABLE_OBJC_ARC = YES;
				CLANG_WARN_BLOCK_CAPTURE_AUTORELEASING = YES;
				CLANG_WARN_BOOL_CONVERSION = YES;
				CLANG_WARN_COMMA = YES;
				CLANG_WARN_CONSTANT_CONVERSION = YES;
				CLANG_WARN_DIRECT_OBJC_ISA_USAGE = YES_ERROR;
				CLANG_WARN_DOCUMENTATION_COMMENTS = YES;
				CLANG_WARN_EMPTY_BODY = YES;
				CLANG_WARN_ENUM_CONVERSION = YES;
				CLANG_WARN_INFINITE_RECURSION = YES;
				CLANG_WARN_INT_CONVERSION = YES;
				CLANG_WARN_NON_LITERAL_NULL_CONVERSION = YES;
				CLANG_WARN_OBJC_LITERAL_CONVERSION = YES;
				CLANG_WARN_OBJC_ROOT_CLASS = YES_ERROR;
				CLANG_WARN_RANGE_LOOP_ANALYSIS = YES;
				CLANG_WARN_STRICT_PROTOTYPES = YES;
				CLANG_WARN_SUSPICIOUS_MOVE = YES;
				CLANG_WARN_UNGUARDED_AVAILABILITY = YES_AGGRESSIVE;
				CLANG_WARN_UNREACHABLE_CODE = YES;
				CLANG_WARN__DUPLICATE_METHOD_MATCH = YES;
				CODE_SIGN_IDENTITY = "iPhone Developer";
				COPY_PHASE_STRIP = NO;
				DEBUG_INFORMATION_FORMAT = dwarf;
				ENABLE_STRICT_OBJC_MSGSEND = YES;
				ENABLE_TESTABILITY = YES;
				GCC_C_LANGUAGE_STANDARD = gnu11;
				GCC_DYNAMIC_NO_PIC = NO;
				GCC_NO_COMMON_BLOCKS = YES;
				GCC_OPTIMIZATION_LEVEL = 0;
				GCC_PREPROCESSOR_DEFINITIONS = (
					"DEBUG=1",
					"$(inherited)",
				);
				GCC_WARN_64_TO_32_BIT_CONVERSION = YES;
				GCC_WARN_ABOUT_RETURN_TYPE = YES_ERROR;
				GCC_WARN_UNDECLARED_SELECTOR = YES;
				GCC_WARN_UNINITIALIZED_AUTOS = YES_AGGRESSIVE;
				GCC_WARN_UNUSED_FUNCTION = YES;
				GCC_WARN_UNUSED_VARIABLE = YES;
				IPHONEOS_DEPLOYMENT_TARGET = 11.2;
				MTL_ENABLE_DEBUG_INFO = YES;
				ONLY_ACTIVE_ARCH = YES;
				SDKROOT = iphoneos;
				SWIFT_ACTIVE_COMPILATION_CONDITIONS = DEBUG;
				SWIFT_OPTIMIZATION_LEVEL = "-Onone";
			};
			name = Debug;
		};
		13B283982063F67B007BFC10 /* Release */ = {
			isa = XCBuildConfiguration;
			buildSettings = {
				ALWAYS_SEARCH_USER_PATHS = NO;
				CLANG_ANALYZER_NONNULL = YES;
				CLANG_ANALYZER_NUMBER_OBJECT_CONVERSION = YES_AGGRESSIVE;
				CLANG_CXX_LANGUAGE_STANDARD = "gnu++14";
				CLANG_CXX_LIBRARY = "libc++";
				CLANG_ENABLE_MODULES = YES;
				CLANG_ENABLE_OBJC_ARC = YES;
				CLANG_WARN_BLOCK_CAPTURE_AUTORELEASING = YES;
				CLANG_WARN_BOOL_CONVERSION = YES;
				CLANG_WARN_COMMA = YES;
				CLANG_WARN_CONSTANT_CONVERSION = YES;
				CLANG_WARN_DIRECT_OBJC_ISA_USAGE = YES_ERROR;
				CLANG_WARN_DOCUMENTATION_COMMENTS = YES;
				CLANG_WARN_EMPTY_BODY = YES;
				CLANG_WARN_ENUM_CONVERSION = YES;
				CLANG_WARN_INFINITE_RECURSION = YES;
				CLANG_WARN_INT_CONVERSION = YES;
				CLANG_WARN_NON_LITERAL_NULL_CONVERSION = YES;
				CLANG_WARN_OBJC_LITERAL_CONVERSION = YES;
				CLANG_WARN_OBJC_ROOT_CLASS = YES_ERROR;
				CLANG_WARN_RANGE_LOOP_ANALYSIS = YES;
				CLANG_WARN_STRICT_PROTOTYPES = YES;
				CLANG_WARN_SUSPICIOUS_MOVE = YES;
				CLANG_WARN_UNGUARDED_AVAILABILITY = YES_AGGRESSIVE;
				CLANG_WARN_UNREACHABLE_CODE = YES;
				CLANG_WARN__DUPLICATE_METHOD_MATCH = YES;
				CODE_SIGN_IDENTITY = "iPhone Developer";
				COPY_PHASE_STRIP = NO;
				DEBUG_INFORMATION_FORMAT = "dwarf-with-dsym";
				ENABLE_NS_ASSERTIONS = NO;
				ENABLE_STRICT_OBJC_MSGSEND = YES;
				GCC_C_LANGUAGE_STANDARD = gnu11;
				GCC_NO_COMMON_BLOCKS = YES;
				GCC_WARN_64_TO_32_BIT_CONVERSION = YES;
				GCC_WARN_ABOUT_RETURN_TYPE = YES_ERROR;
				GCC_WARN_UNDECLARED_SELECTOR = YES;
				GCC_WARN_UNINITIALIZED_AUTOS = YES_AGGRESSIVE;
				GCC_WARN_UNUSED_FUNCTION = YES;
				GCC_WARN_UNUSED_VARIABLE = YES;
				IPHONEOS_DEPLOYMENT_TARGET = 11.2;
				MTL_ENABLE_DEBUG_INFO = NO;
				SDKROOT = iphoneos;
				SWIFT_OPTIMIZATION_LEVEL = "-Owholemodule";
				VALIDATE_PRODUCT = YES;
			};
			name = Release;
		};
		13B2839A2063F67B007BFC10 /* Debug */ = {
			isa = XCBuildConfiguration;
			baseConfigurationReference = C553F5F0E918666F527B97BC /* Pods-commicsv1.debug.xcconfig */;
			buildSettings = {
				ASSETCATALOG_COMPILER_APPICON_NAME = AppIcon;
				CODE_SIGN_ENTITLEMENTS = commicsv1/commicsv1.entitlements;
				CODE_SIGN_STYLE = Automatic;
				DEVELOPMENT_TEAM = HM89W9L4FK;
				INFOPLIST_FILE = commicsv1/Info.plist;
				LD_RUNPATH_SEARCH_PATHS = "$(inherited) @executable_path/Frameworks";
				PRODUCT_BUNDLE_IDENTIFIER = com.dev.commicsv1;
				PRODUCT_NAME = "$(TARGET_NAME)";
				SWIFT_VERSION = 4.0;
				TARGETED_DEVICE_FAMILY = "1,2";
			};
			name = Debug;
		};
		13B2839B2063F67B007BFC10 /* Release */ = {
			isa = XCBuildConfiguration;
			baseConfigurationReference = A2EE80ACFBECC767C1F7421C /* Pods-commicsv1.release.xcconfig */;
			buildSettings = {
				ASSETCATALOG_COMPILER_APPICON_NAME = AppIcon;
				CODE_SIGN_ENTITLEMENTS = commicsv1/commicsv1.entitlements;
				CODE_SIGN_STYLE = Automatic;
				DEVELOPMENT_TEAM = HM89W9L4FK;
				INFOPLIST_FILE = commicsv1/Info.plist;
				LD_RUNPATH_SEARCH_PATHS = "$(inherited) @executable_path/Frameworks";
				PRODUCT_BUNDLE_IDENTIFIER = com.dev.commicsv1;
				PRODUCT_NAME = "$(TARGET_NAME)";
				SWIFT_VERSION = 4.0;
				TARGETED_DEVICE_FAMILY = "1,2";
			};
			name = Release;
		};
/* End XCBuildConfiguration section */

/* Begin XCConfigurationList section */
		13B2837F2063F67A007BFC10 /* Build configuration list for PBXProject "commicsv1" */ = {
			isa = XCConfigurationList;
			buildConfigurations = (
				13B283972063F67B007BFC10 /* Debug */,
				13B283982063F67B007BFC10 /* Release */,
			);
			defaultConfigurationIsVisible = 0;
			defaultConfigurationName = Release;
		};
		13B283992063F67B007BFC10 /* Build configuration list for PBXNativeTarget "commicsv1" */ = {
			isa = XCConfigurationList;
			buildConfigurations = (
				13B2839A2063F67B007BFC10 /* Debug */,
				13B2839B2063F67B007BFC10 /* Release */,
			);
			defaultConfigurationIsVisible = 0;
			defaultConfigurationName = Release;
		};
/* End XCConfigurationList section */

/* Begin XCVersionGroup section */
		13B2838E2063F67B007BFC10 /* commicsv1.xcdatamodeld */ = {
			isa = XCVersionGroup;
			children = (
				13B2838F2063F67B007BFC10 /* commicsv1.xcdatamodel */,
			);
			currentVersion = 13B2838F2063F67B007BFC10 /* commicsv1.xcdatamodel */;
			path = commicsv1.xcdatamodeld;
			sourceTree = "<group>";
			versionGroupType = wrapper.xcdatamodel;
		};
/* End XCVersionGroup section */
	};
	rootObject = 13B2837C2063F67A007BFC10 /* Project object */;
}
